
Microsoft Visual Studio Solution File, Format Version 12.00
# Visual Studio Version 17
VisualStudioVersion = 17.5.001.0
MinimumVisualStudioVersion = 10.0.40219.1
Project("{9A19103F-16F7-4668-BE54-9A1E7A4F7556}") = "task2MaxOfTwoNumbers", "task2MaxOfTwoNumbers.csproj", "{0E5588A0-CA4C-43ED-86DD-3D58ED31D37B}"
EndProject
Global
	GlobalSection(SolutionConfigurationPlatforms) = preSolution
		Debug|Any CPU = Debug|Any CPU
		Release|Any CPU = Release|Any CPU
	EndGlobalSection
	GlobalSection(ProjectConfigurationPlatforms) = postSolution
		{0E5588A0-CA4C-43ED-86DD-3D58ED31D37B}.Debug|Any CPU.ActiveCfg = Debug|Any CPU
		{0E5588A0-CA4C-43ED-86DD-3D58ED31D37B}.Debug|Any CPU.Build.0 = Debug|Any CPU
		{0E5588A0-CA4C-43ED-86DD-3D58ED31D37B}.Release|Any CPU.ActiveCfg = Release|Any CPU
		{0E5588A0-CA4C-43ED-86DD-3D58ED31D37B}.Release|Any CPU.Build.0 = Release|Any CPU
	EndGlobalSection
	GlobalSection(SolutionProperties) = preSolution
		HideSolutionNode = FALSE
	EndGlobalSection
	GlobalSection(ExtensibilityGlobals) = postSolution
		SolutionGuid = {9222E244-5ED0-4F5F-9EA6-AA32D11271BA}
	EndGlobalSection
EndGlobal
